// !$*UTF8*$!
{
	archiveVersion = 1;
	classes = {
	};
	objectVersion = 50;
	objects = {

/* Begin PBXBuildFile section */
		1864A010B885037EF4C2F38A /* Pods_DemoAlamofireObjectMapper.framework in Frameworks */ = {isa = PBXBuildFile; fileRef = DAE1A0287A68DF8791B209EA /* Pods_DemoAlamofireObjectMapper.framework */; };
		D4357A8023053BDA006E327B /* AppDelegate.swift in Sources */ = {isa = PBXBuildFile; fileRef = D4357A7F23053BDA006E327B /* AppDelegate.swift */; };
		D4357A8223053BDA006E327B /* ViewController.swift in Sources */ = {isa = PBXBuildFile; fileRef = D4357A8123053BDA006E327B /* ViewController.swift */; };
		D4357A8523053BDA006E327B /* Main.storyboard in Resources */ = {isa = PBXBuildFile; fileRef = D4357A8323053BDA006E327B /* Main.storyboard */; };
		D4357A8723053BDC006E327B /* Assets.xcassets in Resources */ = {isa = PBXBuildFile; fileRef = D4357A8623053BDC006E327B /* Assets.xcassets */; };
		D4357A8A23053BDC006E327B /* LaunchScreen.storyboard in Resources */ = {isa = PBXBuildFile; fileRef = D4357A8823053BDC006E327B /* LaunchScreen.storyboard */; };
		D4357A97230547E8006E327B /* ServerResponse.swift in Sources */ = {isa = PBXBuildFile; fileRef = D4357A96230547E8006E327B /* ServerResponse.swift */; };
		D4357A99230548CD006E327B /* Status.swift in Sources */ = {isa = PBXBuildFile; fileRef = D4357A98230548CD006E327B /* Status.swift */; };
		D4357A9C23055335006E327B /* Data+PrettyPrint.swift in Sources */ = {isa = PBXBuildFile; fileRef = D4357A9B23055335006E327B /* Data+PrettyPrint.swift */; };
		D4357A9E2305559D006E327B /* DataManager.swift in Sources */ = {isa = PBXBuildFile; fileRef = D4357A9D2305559D006E327B /* DataManager.swift */; };
		D4357AA1230556A7006E327B /* BaseManager.swift in Sources */ = {isa = PBXBuildFile; fileRef = D4357AA0230556A7006E327B /* BaseManager.swift */; };
		D4357AA3230556EC006E327B /* Reach.swift in Sources */ = {isa = PBXBuildFile; fileRef = D4357AA2230556EC006E327B /* Reach.swift */; };
		D4357AA823055E47006E327B /* APIConstant.swift in Sources */ = {isa = PBXBuildFile; fileRef = D4357AA723055E47006E327B /* APIConstant.swift */; };
		D4357AAB23055F10006E327B /* Settings.swift in Sources */ = {isa = PBXBuildFile; fileRef = D4357AAA23055F10006E327B /* Settings.swift */; };
		D4357AAE230560D9006E327B /* Dictionary+addObjectsFromDictionary.swift in Sources */ = {isa = PBXBuildFile; fileRef = D4357AAD230560D8006E327B /* Dictionary+addObjectsFromDictionary.swift */; };
		D4357AB0230572AA006E327B /* ErrorResponse.swift in Sources */ = {isa = PBXBuildFile; fileRef = D4357AAF230572AA006E327B /* ErrorResponse.swift */; };
/* End PBXBuildFile section */

/* Begin PBXFileReference section */
		90029CC81CE6A60ACFE76FB1 /* Pods-DemoAlamofireObjectMapper.release.xcconfig */ = {isa = PBXFileReference; includeInIndex = 1; lastKnownFileType = text.xcconfig; name = "Pods-DemoAlamofireObjectMapper.release.xcconfig"; path = "Target Support Files/Pods-DemoAlamofireObjectMapper/Pods-DemoAlamofireObjectMapper.release.xcconfig"; sourceTree = "<group>"; };
		A52DF7A0A0B0235D15F3E43E /* Pods-DemoAlamofireObjectMapper.debug.xcconfig */ = {isa = PBXFileReference; includeInIndex = 1; lastKnownFileType = text.xcconfig; name = "Pods-DemoAlamofireObjectMapper.debug.xcconfig"; path = "Target Support Files/Pods-DemoAlamofireObjectMapper/Pods-DemoAlamofireObjectMapper.debug.xcconfig"; sourceTree = "<group>"; };
		D4357A7C23053BDA006E327B /* DemoAlamofireObjectMapper.app */ = {isa = PBXFileReference; explicitFileType = wrapper.application; includeInIndex = 0; path = DemoAlamofireObjectMapper.app; sourceTree = BUILT_PRODUCTS_DIR; };
		D4357A7F23053BDA006E327B /* AppDelegate.swift */ = {isa = PBXFileReference; lastKnownFileType = sourcecode.swift; path = AppDelegate.swift; sourceTree = "<group>"; };
		D4357A8123053BDA006E327B /* ViewController.swift */ = {isa = PBXFileReference; lastKnownFileType = sourcecode.swift; path = ViewController.swift; sourceTree = "<group>"; };
		D4357A8423053BDA006E327B /* Base */ = {isa = PBXFileReference; lastKnownFileType = file.storyboard; name = Base; path = Base.lproj/Main.storyboard; sourceTree = "<group>"; };
		D4357A8623053BDC006E327B /* Assets.xcassets */ = {isa = PBXFileReference; lastKnownFileType = folder.assetcatalog; path = Assets.xcassets; sourceTree = "<group>"; };
		D4357A8923053BDC006E327B /* Base */ = {isa = PBXFileReference; lastKnownFileType = file.storyboard; name = Base; path = Base.lproj/LaunchScreen.storyboard; sourceTree = "<group>"; };
		D4357A8B23053BDC006E327B /* Info.plist */ = {isa = PBXFileReference; lastKnownFileType = text.plist.xml; path = Info.plist; sourceTree = "<group>"; };
		D4357A96230547E8006E327B /* ServerResponse.swift */ = {isa = PBXFileReference; lastKnownFileType = sourcecode.swift; path = ServerResponse.swift; sourceTree = "<group>"; };
		D4357A98230548CD006E327B /* Status.swift */ = {isa = PBXFileReference; lastKnownFileType = sourcecode.swift; path = Status.swift; sourceTree = "<group>"; };
		D4357A9B23055335006E327B /* Data+PrettyPrint.swift */ = {isa = PBXFileReference; lastKnownFileType = sourcecode.swift; path = "Data+PrettyPrint.swift"; sourceTree = "<group>"; };
		D4357A9D2305559D006E327B /* DataManager.swift */ = {isa = PBXFileReference; lastKnownFileType = sourcecode.swift; path = DataManager.swift; sourceTree = "<group>"; };
		D4357AA0230556A7006E327B /* BaseManager.swift */ = {isa = PBXFileReference; lastKnownFileType = sourcecode.swift; path = BaseManager.swift; sourceTree = "<group>"; };
		D4357AA2230556EC006E327B /* Reach.swift */ = {isa = PBXFileReference; lastKnownFileType = sourcecode.swift; path = Reach.swift; sourceTree = "<group>"; };
		D4357AA723055E47006E327B /* APIConstant.swift */ = {isa = PBXFileReference; lastKnownFileType = sourcecode.swift; path = APIConstant.swift; sourceTree = "<group>"; };
		D4357AAA23055F10006E327B /* Settings.swift */ = {isa = PBXFileReference; lastKnownFileType = sourcecode.swift; path = Settings.swift; sourceTree = "<group>"; };
		D4357AAD230560D8006E327B /* Dictionary+addObjectsFromDictionary.swift */ = {isa = PBXFileReference; lastKnownFileType = sourcecode.swift; path = "Dictionary+addObjectsFromDictionary.swift"; sourceTree = "<group>"; };
		D4357AAF230572AA006E327B /* ErrorResponse.swift */ = {isa = PBXFileReference; lastKnownFileType = sourcecode.swift; path = ErrorResponse.swift; sourceTree = "<group>"; };
		DAE1A0287A68DF8791B209EA /* Pods_DemoAlamofireObjectMapper.framework */ = {isa = PBXFileReference; explicitFileType = wrapper.framework; includeInIndex = 0; path = Pods_DemoAlamofireObjectMapper.framework; sourceTree = BUILT_PRODUCTS_DIR; };
/* End PBXFileReference section */

/* Begin PBXFrameworksBuildPhase section */
		D4357A7923053BDA006E327B /* Frameworks */ = {
			isa = PBXFrameworksBuildPhase;
			buildActionMask = 2147483647;
			files = (
				1864A010B885037EF4C2F38A /* Pods_DemoAlamofireObjectMapper.framework in Frameworks */,
			);
			runOnlyForDeploymentPostprocessing = 0;
		};
/* End PBXFrameworksBuildPhase section */

/* Begin PBXGroup section */
		4993F5FCAC32A3E44507D51D /* Pods */ = {
			isa = PBXGroup;
			children = (
				A52DF7A0A0B0235D15F3E43E /* Pods-DemoAlamofireObjectMapper.debug.xcconfig */,
				90029CC81CE6A60ACFE76FB1 /* Pods-DemoAlamofireObjectMapper.release.xcconfig */,
			);
			path = Pods;
			sourceTree = "<group>";
		};
		C18AFEDA8CE8032CB6085098 /* Frameworks */ = {
			isa = PBXGroup;
			children = (
				DAE1A0287A68DF8791B209EA /* Pods_DemoAlamofireObjectMapper.framework */,
			);
			name = Frameworks;
			sourceTree = "<group>";
		};
		D4357A7323053BDA006E327B = {
			isa = PBXGroup;
			children = (
				D4357A7E23053BDA006E327B /* DemoAlamofireObjectMapper */,
				D4357A7D23053BDA006E327B /* Products */,
				4993F5FCAC32A3E44507D51D /* Pods */,
				C18AFEDA8CE8032CB6085098 /* Frameworks */,
			);
			sourceTree = "<group>";
		};
		D4357A7D23053BDA006E327B /* Products */ = {
			isa = PBXGroup;
			children = (
				D4357A7C23053BDA006E327B /* DemoAlamofireObjectMapper.app */,
			);
			name = Products;
			sourceTree = "<group>";
		};
		D4357A7E23053BDA006E327B /* DemoAlamofireObjectMapper */ = {
			isa = PBXGroup;
			children = (
				D4357AAC2305608C006E327B /* Extensions */,
				D4357AA923055EF1006E327B /* Utils */,
				D4357A9F2305562A006E327B /* Managers */,
				D4357A9123053D90006E327B /* Modal */,
				D4357A7F23053BDA006E327B /* AppDelegate.swift */,
				D4357A8123053BDA006E327B /* ViewController.swift */,
				D4357A8323053BDA006E327B /* Main.storyboard */,
				D4357A8623053BDC006E327B /* Assets.xcassets */,
				D4357A8823053BDC006E327B /* LaunchScreen.storyboard */,
				D4357A8B23053BDC006E327B /* Info.plist */,
				D4357AA2230556EC006E327B /* Reach.swift */,
			);
			path = DemoAlamofireObjectMapper;
			sourceTree = "<group>";
		};
		D4357A9123053D90006E327B /* Modal */ = {
			isa = PBXGroup;
			children = (
				D4357A96230547E8006E327B /* ServerResponse.swift */,
				D4357A98230548CD006E327B /* Status.swift */,
			);
			path = Modal;
			sourceTree = "<group>";
		};
		D4357A9F2305562A006E327B /* Managers */ = {
			isa = PBXGroup;
			children = (
				D4357A9D2305559D006E327B /* DataManager.swift */,
				D4357AA0230556A7006E327B /* BaseManager.swift */,
				D4357AAF230572AA006E327B /* ErrorResponse.swift */,
			);
			path = Managers;
			sourceTree = "<group>";
		};
		D4357AA623055E1C006E327B /* Constant */ = {
			isa = PBXGroup;
			children = (
				D4357AA723055E47006E327B /* APIConstant.swift */,
			);
			path = Constant;
			sourceTree = "<group>";
		};
		D4357AA923055EF1006E327B /* Utils */ = {
			isa = PBXGroup;
			children = (
				D4357AA623055E1C006E327B /* Constant */,
				D4357AAA23055F10006E327B /* Settings.swift */,
			);
			path = Utils;
			sourceTree = "<group>";
		};
		D4357AAC2305608C006E327B /* Extensions */ = {
			isa = PBXGroup;
			children = (
				D4357A9B23055335006E327B /* Data+PrettyPrint.swift */,
				D4357AAD230560D8006E327B /* Dictionary+addObjectsFromDictionary.swift */,
			);
			path = Extensions;
			sourceTree = "<group>";
		};
/* End PBXGroup section */

/* Begin PBXNativeTarget section */
		D4357A7B23053BDA006E327B /* DemoAlamofireObjectMapper */ = {
			isa = PBXNativeTarget;
			buildConfigurationList = D4357A8E23053BDC006E327B /* Build configuration list for PBXNativeTarget "DemoAlamofireObjectMapper" */;
			buildPhases = (
				40A71E81E36D892FDBC1E0CB /* [CP] Check Pods Manifest.lock */,
				D4357A7823053BDA006E327B /* Sources */,
				D4357A7923053BDA006E327B /* Frameworks */,
				D4357A7A23053BDA006E327B /* Resources */,
				DA0399D5DDE2C9ECA5EBFE93 /* [CP] Embed Pods Frameworks */,
			);
			buildRules = (
			);
			dependencies = (
			);
			name = DemoAlamofireObjectMapper;
			productName = DemoAlamofireObjectMapper;
			productReference = D4357A7C23053BDA006E327B /* DemoAlamofireObjectMapper.app */;
			productType = "com.apple.product-type.application";
		};
/* End PBXNativeTarget section */

/* Begin PBXProject section */
		D4357A7423053BDA006E327B /* Project object */ = {
			isa = PBXProject;
			attributes = {
				LastSwiftUpdateCheck = 1020;
				LastUpgradeCheck = 1020;
				ORGANIZATIONNAME = ITPS;
				TargetAttributes = {
					D4357A7B23053BDA006E327B = {
						CreatedOnToolsVersion = 10.2.1;
					};
				};
			};
			buildConfigurationList = D4357A7723053BDA006E327B /* Build configuration list for PBXProject "DemoAlamofireObjectMapper" */;
			compatibilityVersion = "Xcode 9.3";
			developmentRegion = en;
			hasScannedForEncodings = 0;
			knownRegions = (
				en,
				Base,
			);
			mainGroup = D4357A7323053BDA006E327B;
			productRefGroup = D4357A7D23053BDA006E327B /* Products */;
			projectDirPath = "";
			projectRoot = "";
			targets = (
				D4357A7B23053BDA006E327B /* DemoAlamofireObjectMapper */,
			);
		};
/* End PBXProject section */

/* Begin PBXResourcesBuildPhase section */
		D4357A7A23053BDA006E327B /* Resources */ = {
			isa = PBXResourcesBuildPhase;
			buildActionMask = 2147483647;
			files = (
				D4357A8A23053BDC006E327B /* LaunchScreen.storyboard in Resources */,
				D4357A8723053BDC006E327B /* Assets.xcassets in Resources */,
				D4357A8523053BDA006E327B /* Main.storyboard in Resources */,
			);
			runOnlyForDeploymentPostprocessing = 0;
		};
/* End PBXResourcesBuildPhase section */

/* Begin PBXShellScriptBuildPhase section */
		40A71E81E36D892FDBC1E0CB /* [CP] Check Pods Manifest.lock */ = {
			isa = PBXShellScriptBuildPhase;
			buildActionMask = 2147483647;
			files = (
			);
			inputFileListPaths = (
			);
			inputPaths = (
				"${PODS_PODFILE_DIR_PATH}/Podfile.lock",
				"${PODS_ROOT}/Manifest.lock",
			);
			name = "[CP] Check Pods Manifest.lock";
			outputFileListPaths = (
			);
			outputPaths = (
				"$(DERIVED_FILE_DIR)/Pods-DemoAlamofireObjectMapper-checkManifestLockResult.txt",
			);
			runOnlyForDeploymentPostprocessing = 0;
			shellPath = /bin/sh;
			shellScript = "diff \"${PODS_PODFILE_DIR_PATH}/Podfile.lock\" \"${PODS_ROOT}/Manifest.lock\" > /dev/null\nif [ $? != 0 ] ; then\n    # print error to STDERR\n    echo \"error: The sandbox is not in sync with the Podfile.lock. Run 'pod install' or update your CocoaPods installation.\" >&2\n    exit 1\nfi\n# This output is used by Xcode 'outputs' to avoid re-running this script phase.\necho \"SUCCESS\" > \"${SCRIPT_OUTPUT_FILE_0}\"\n";
			showEnvVarsInLog = 0;
		};
		DA0399D5DDE2C9ECA5EBFE93 /* [CP] Embed Pods Frameworks */ = {
			isa = PBXShellScriptBuildPhase;
			buildActionMask = 2147483647;
			files = (
			);
			inputFileListPaths = (
			);
			inputPaths = (
				"${PODS_ROOT}/Target Support Files/Pods-DemoAlamofireObjectMapper/Pods-DemoAlamofireObjectMapper-frameworks.sh",
				"${BUILT_PRODUCTS_DIR}/Alamofire/Alamofire.framework",
				"${BUILT_PRODUCTS_DIR}/AlamofireObjectMapper/AlamofireObjectMapper.framework",
				"${BUILT_PRODUCTS_DIR}/ObjectMapper/ObjectMapper.framework",
			);
			name = "[CP] Embed Pods Frameworks";
			outputFileListPaths = (
			);
			outputPaths = (
				"${TARGET_BUILD_DIR}/${FRAMEWORKS_FOLDER_PATH}/Alamofire.framework",
				"${TARGET_BUILD_DIR}/${FRAMEWORKS_FOLDER_PATH}/AlamofireObjectMapper.framework",
				"${TARGET_BUILD_DIR}/${FRAMEWORKS_FOLDER_PATH}/ObjectMapper.framework",
			);
			runOnlyForDeploymentPostprocessing = 0;
			shellPath = /bin/sh;
			shellScript = "\"${PODS_ROOT}/Target Support Files/Pods-DemoAlamofireObjectMapper/Pods-DemoAlamofireObjectMapper-frameworks.sh\"\n";
			showEnvVarsInLog = 0;
		};
/* End PBXShellScriptBuildPhase section */

/* Begin PBXSourcesBuildPhase section */
		D4357A7823053BDA006E327B /* Sources */ = {
			isa = PBXSourcesBuildPhase;
			buildActionMask = 2147483647;
			files = (
				D4357A8223053BDA006E327B /* ViewController.swift in Sources */,
				D4357AA3230556EC006E327B /* Reach.swift in Sources */,
				D4357A9E2305559D006E327B /* DataManager.swift in Sources */,
				D4357AB0230572AA006E327B /* ErrorResponse.swift in Sources */,
				D4357A9C23055335006E327B /* Data+PrettyPrint.swift in Sources */,
				D4357A8023053BDA006E327B /* AppDelegate.swift in Sources */,
				D4357A97230547E8006E327B /* ServerResponse.swift in Sources */,
				D4357AAE230560D9006E327B /* Dictionary+addObjectsFromDictionary.swift in Sources */,
				D4357A99230548CD006E327B /* Status.swift in Sources */,
				D4357AA823055E47006E327B /* APIConstant.swift in Sources */,
				D4357AAB23055F10006E327B /* Settings.swift in Sources */,
				D4357AA1230556A7006E327B /* BaseManager.swift in Sources */,
			);
			runOnlyForDeploymentPostprocessing = 0;
		};
/* End PBXSourcesBuildPhase section */

/* Begin PBXVariantGroup section */
		D4357A8323053BDA006E327B /* Main.storyboard */ = {
			isa = PBXVariantGroup;
			children = (
				D4357A8423053BDA006E327B /* Base */,
			);
			name = Main.storyboard;
			sourceTree = "<group>";
		};
		D4357A8823053BDC006E327B /* LaunchScreen.storyboard */ = {
			isa = PBXVariantGroup;
			children = (
				D4357A8923053BDC006E327B /* Base */,
			);
			name = LaunchScreen.storyboard;
			sourceTree = "<group>";
		};
/* End PBXVariantGroup section */

/* Begin XCBuildConfiguration section */
		D4357A8C23053BDC006E327B /* Debug */ = {
			isa = XCBuildConfiguration;
			buildSettings = {
				ALWAYS_SEARCH_USER_PATHS = NO;
				CLANG_ANALYZER_NONNULL = YES;
				CLANG_ANALYZER_NUMBER_OBJECT_CONVERSION = YES_AGGRESSIVE;
				CLANG_CXX_LANGUAGE_STANDARD = "gnu++14";
				CLANG_CXX_LIBRARY = "libc++";
				CLANG_ENABLE_MODULES = YES;
				CLANG_ENABLE_OBJC_ARC = YES;
				CLANG_ENABLE_OBJC_WEAK = YES;
				CLANG_WARN_BLOCK_CAPTURE_AUTORELEASING = YES;
				CLANG_WARN_BOOL_CONVERSION = YES;
				CLANG_WARN_COMMA = YES;
				CLANG_WARN_CONSTANT_CONVERSION = YES;
				CLANG_WARN_DEPRECATED_OBJC_IMPLEMENTATIONS = YES;
				CLANG_WARN_DIRECT_OBJC_ISA_USAGE = YES_ERROR;
				CLANG_WARN_DOCUMENTATION_COMMENTS = YES;
				CLANG_WARN_EMPTY_BODY = YES;
				CLANG_WARN_ENUM_CONVERSION = YES;
				CLANG_WARN_INFINITE_RECURSION = YES;
				CLANG_WARN_INT_CONVERSION = YES;
				CLANG_WARN_NON_LITERAL_NULL_CONVERSION = YES;
				CLANG_WARN_OBJC_IMPLICIT_RETAIN_SELF = YES;
				CLANG_WARN_OBJC_LITERAL_CONVERSION = YES;
				CLANG_WARN_OBJC_ROOT_CLASS = YES_ERROR;
				CLANG_WARN_RANGE_LOOP_ANALYSIS = YES;
				CLANG_WARN_STRICT_PROTOTYPES = YES;
				CLANG_WARN_SUSPICIOUS_MOVE = YES;
				CLANG_WARN_UNGUARDED_AVAILABILITY = YES_AGGRESSIVE;
				CLANG_WARN_UNREACHABLE_CODE = YES;
				CLANG_WARN__DUPLICATE_METHOD_MATCH = YES;
				CODE_SIGN_IDENTITY = "iPhone Developer";
				COPY_PHASE_STRIP = NO;
				DEBUG_INFORMATION_FORMAT = dwarf;
				ENABLE_STRICT_OBJC_MSGSEND = YES;
				ENABLE_TESTABILITY = YES;
				GCC_C_LANGUAGE_STANDARD = gnu11;
				GCC_DYNAMIC_NO_PIC = NO;
				GCC_NO_COMMON_BLOCKS = YES;
				GCC_OPTIMIZATION_LEVEL = 0;
				GCC_PREPROCESSOR_DEFINITIONS = (
					"DEBUG=1",
					"$(inherited)",
				);
				GCC_WARN_64_TO_32_BIT_CONVERSION = YES;
				GCC_WARN_ABOUT_RETURN_TYPE = YES_ERROR;
				GCC_WARN_UNDECLARED_SELECTOR = YES;
				GCC_WARN_UNINITIALIZED_AUTOS = YES_AGGRESSIVE;
				GCC_WARN_UNUSED_FUNCTION = YES;
				GCC_WARN_UNUSED_VARIABLE = YES;
				IPHONEOS_DEPLOYMENT_TARGET = 12.2;
				MTL_ENABLE_DEBUG_INFO = INCLUDE_SOURCE;
				MTL_FAST_MATH = YES;
				ONLY_ACTIVE_ARCH = YES;
				SDKROOT = iphoneos;
				SWIFT_ACTIVE_COMPILATION_CONDITIONS = DEBUG;
				SWIFT_OPTIMIZATION_LEVEL = "-Onone";
			};
			name = Debug;
		};
		D4357A8D23053BDC006E327B /* Release */ = {
			isa = XCBuildConfiguration;
			buildSettings = {
				ALWAYS_SEARCH_USER_PATHS = NO;
				CLANG_ANALYZER_NONNULL = YES;
				CLANG_ANALYZER_NUMBER_OBJECT_CONVERSION = YES_AGGRESSIVE;
				CLANG_CXX_LANGUAGE_STANDARD = "gnu++14";
				CLANG_CXX_LIBRARY = "libc++";
				CLANG_ENABLE_MODULES = YES;
				CLANG_ENABLE_OBJC_ARC = YES;
				CLANG_ENABLE_OBJC_WEAK = YES;
				CLANG_WARN_BLOCK_CAPTURE_AUTORELEASING = YES;
				CLANG_WARN_BOOL_CONVERSION = YES;
				CLANG_WARN_COMMA = YES;
				CLANG_WARN_CONSTANT_CONVERSION = YES;
				CLANG_WARN_DEPRECATED_OBJC_IMPLEMENTATIONS = YES;
				CLANG_WARN_DIRECT_OBJC_ISA_USAGE = YES_ERROR;
				CLANG_WARN_DOCUMENTATION_COMMENTS = YES;
				CLANG_WARN_EMPTY_BODY = YES;
				CLANG_WARN_ENUM_CONVERSION = YES;
				CLANG_WARN_INFINITE_RECURSION = YES;
				CLANG_WARN_INT_CONVERSION = YES;
				CLANG_WARN_NON_LITERAL_NULL_CONVERSION = YES;
				CLANG_WARN_OBJC_IMPLICIT_RETAIN_SELF = YES;
				CLANG_WARN_OBJC_LITERAL_CONVERSION = YES;
				CLANG_WARN_OBJC_ROOT_CLASS = YES_ERROR;
				CLANG_WARN_RANGE_LOOP_ANALYSIS = YES;
				CLANG_WARN_STRICT_PROTOTYPES = YES;
				CLANG_WARN_SUSPICIOUS_MOVE = YES;
				CLANG_WARN_UNGUARDED_AVAILABILITY = YES_AGGRESSIVE;
				CLANG_WARN_UNREACHABLE_CODE = YES;
				CLANG_WARN__DUPLICATE_METHOD_MATCH = YES;
				CODE_SIGN_IDENTITY = "iPhone Developer";
				COPY_PHASE_STRIP = NO;
				DEBUG_INFORMATION_FORMAT = "dwarf-with-dsym";
				ENABLE_NS_ASSERTIONS = NO;
				ENABLE_STRICT_OBJC_MSGSEND = YES;
				GCC_C_LANGUAGE_STANDARD = gnu11;
				GCC_NO_COMMON_BLOCKS = YES;
				GCC_WARN_64_TO_32_BIT_CONVERSION = YES;
				GCC_WARN_ABOUT_RETURN_TYPE = YES_ERROR;
				GCC_WARN_UNDECLARED_SELECTOR = YES;
				GCC_WARN_UNINITIALIZED_AUTOS = YES_AGGRESSIVE;
				GCC_WARN_UNUSED_FUNCTION = YES;
				GCC_WARN_UNUSED_VARIABLE = YES;
				IPHONEOS_DEPLOYMENT_TARGET = 12.2;
				MTL_ENABLE_DEBUG_INFO = NO;
				MTL_FAST_MATH = YES;
				SDKROOT = iphoneos;
				SWIFT_COMPILATION_MODE = wholemodule;
				SWIFT_OPTIMIZATION_LEVEL = "-O";
				VALIDATE_PRODUCT = YES;
			};
			name = Release;
		};
		D4357A8F23053BDC006E327B /* Debug */ = {
			isa = XCBuildConfiguration;
			baseConfigurationReference = A52DF7A0A0B0235D15F3E43E /* Pods-DemoAlamofireObjectMapper.debug.xcconfig */;
			buildSettings = {
				ASSETCATALOG_COMPILER_APPICON_NAME = AppIcon;
				CODE_SIGN_STYLE = Automatic;
				INFOPLIST_FILE = DemoAlamofireObjectMapper/Info.plist;
				LD_RUNPATH_SEARCH_PATHS = (
					"$(inherited)",
					"@executable_path/Frameworks",
				);
				PRODUCT_BUNDLE_IDENTIFIER = vn.com.itps.DemoAlamofireObjectMapper;
				PRODUCT_NAME = "$(TARGET_NAME)";
				SWIFT_VERSION = 5.0;
				TARGETED_DEVICE_FAMILY = "1,2";
			};
			name = Debug;
		};
		D4357A9023053BDC006E327B /* Release */ = {
			isa = XCBuildConfiguration;
			baseConfigurationReference = 90029CC81CE6A60ACFE76FB1 /* Pods-DemoAlamofireObjectMapper.release.xcconfig */;
			buildSettings = {
				ASSETCATALOG_COMPILER_APPICON_NAME = AppIcon;
				CODE_SIGN_STYLE = Automatic;
				INFOPLIST_FILE = DemoAlamofireObjectMapper/Info.plist;
				LD_RUNPATH_SEARCH_PATHS = (
					"$(inherited)",
					"@executable_path/Frameworks",
				);
				PRODUCT_BUNDLE_IDENTIFIER = vn.com.itps.DemoAlamofireObjectMapper;
				PRODUCT_NAME = "$(TARGET_NAME)";
				SWIFT_VERSION = 5.0;
				TARGETED_DEVICE_FAMILY = "1,2";
			};
			name = Release;
		};
/* End XCBuildConfiguration section */

/* Begin XCConfigurationList section */
		D4357A7723053BDA006E327B /* Build configuration list for PBXProject "DemoAlamofireObjectMapper" */ = {
			isa = XCConfigurationList;
			buildConfigurations = (
				D4357A8C23053BDC006E327B /* Debug */,
				D4357A8D23053BDC006E327B /* Release */,
			);
			defaultConfigurationIsVisible = 0;
			defaultConfigurationName = Release;
		};
		D4357A8E23053BDC006E327B /* Build configuration list for PBXNativeTarget "DemoAlamofireObjectMapper" */ = {
			isa = XCConfigurationList;
			buildConfigurations = (
				D4357A8F23053BDC006E327B /* Debug */,
				D4357A9023053BDC006E327B /* Release */,
			);
			defaultConfigurationIsVisible = 0;
			defaultConfigurationName = Release;
		};
/* End XCConfigurationList section */
	};
	rootObject = D4357A7423053BDA006E327B /* Project object */;
}
